
Microsoft Visual Studio Solution File, Format Version 12.00
# Visual Studio Version 16
VisualStudioVersion = 16.0.31911.196
MinimumVisualStudioVersion = 10.0.40219.1
Project("{FAE04EC0-301F-11D3-BF4B-00C04F79EFBC}") = "ConsoleApp27", "ConsoleApp27.csproj", "{6C47248B-7921-4274-BC29-286CDDB5CF98}"
EndProject
Global
	GlobalSection(SolutionConfigurationPlatforms) = preSolution
		Debug|Any CPU = Debug|Any CPU
		Release|Any CPU = Release|Any CPU
	EndGlobalSection
	GlobalSection(ProjectConfigurationPlatforms) = postSolution
		{6C47248B-7921-4274-BC29-286CDDB5CF98}.Debug|Any CPU.ActiveCfg = Debug|Any CPU
		{6C47248B-7921-4274-BC29-286CDDB5CF98}.Debug|Any CPU.Build.0 = Debug|Any CPU
		{6C47248B-7921-4274-BC29-286CDDB5CF98}.Release|Any CPU.ActiveCfg = Release|Any CPU
		{6C47248B-7921-4274-BC29-286CDDB5CF98}.Release|Any CPU.Build.0 = Release|Any CPU
	EndGlobalSection
	GlobalSection(SolutionProperties) = preSolution
		HideSolutionNode = FALSE
	EndGlobalSection
	GlobalSection(ExtensibilityGlobals) = postSolution
		SolutionGuid = {ACAB584A-E056-4940-BE0E-F2F8E0FD636D}
	EndGlobalSection
EndGlobal
